
Microsoft Visual Studio Solution File, Format Version 12.00
# Visual Studio 15
VisualStudioVersion = 15.0.28307.102
MinimumVisualStudioVersion = 10.0.40219.1
Project("{FAE04EC0-301F-11D3-BF4B-00C04F79EFBC}") = "HtmlTableHelper", "HtmlTableHelper\HtmlTableHelper.csproj", "{7B52A7CA-8672-4F33-A36B-4D9896095302}"
EndProject
Project("{2150E333-8FDC-42A3-9474-1A3956D46DE8}") = "Solution Items", "Solution Items", "{E8224018-6D1A-4E9C-B59D-BCC49185ED2B}"
	ProjectSection(SolutionItems) = preProject
		.gitignore = .gitignore
		Changelog.md = Changelog.md
		Readme.md = Readme.md
	EndProjectSection
EndProject
Project("{FAE04EC0-301F-11D3-BF4B-00C04F79EFBC}") = "HtmlTableHelper.Test", "HtmlTableHelper.Test\HtmlTableHelper.Test.csproj", "{6B59FE1A-15B4-4D0E-9E50-4E8AE59BA148}"
EndProject
Project("{2150E333-8FDC-42A3-9474-1A3956D46DE8}") = "Demo", "Demo", "{18715FBD-FF7B-4502-A35B-82D8E16BB67A}"
EndProject
Project("{FAE04EC0-301F-11D3-BF4B-00C04F79EFBC}") = "AspNetMvcDemo", "AspNetMvcDemo\AspNetMvcDemo.csproj", "{A1E5B84C-E440-4B98-9ED7-003113B35FCC}"
EndProject
Global
	GlobalSection(SolutionConfigurationPlatforms) = preSolution
		Debug|Any CPU = Debug|Any CPU
		Release|Any CPU = Release|Any CPU
	EndGlobalSection
	GlobalSection(ProjectConfigurationPlatforms) = postSolution
		{7B52A7CA-8672-4F33-A36B-4D9896095302}.Debug|Any CPU.ActiveCfg = Debug|Any CPU
		{7B52A7CA-8672-4F33-A36B-4D9896095302}.Debug|Any CPU.Build.0 = Debug|Any CPU
		{7B52A7CA-8672-4F33-A36B-4D9896095302}.Release|Any CPU.ActiveCfg = Release|Any CPU
		{7B52A7CA-8672-4F33-A36B-4D9896095302}.Release|Any CPU.Build.0 = Release|Any CPU
		{6B59FE1A-15B4-4D0E-9E50-4E8AE59BA148}.Debug|Any CPU.ActiveCfg = Debug|Any CPU
		{6B59FE1A-15B4-4D0E-9E50-4E8AE59BA148}.Debug|Any CPU.Build.0 = Debug|Any CPU
		{6B59FE1A-15B4-4D0E-9E50-4E8AE59BA148}.Release|Any CPU.ActiveCfg = Release|Any CPU
		{6B59FE1A-15B4-4D0E-9E50-4E8AE59BA148}.Release|Any CPU.Build.0 = Release|Any CPU
		{A1E5B84C-E440-4B98-9ED7-003113B35FCC}.Debug|Any CPU.ActiveCfg = Debug|Any CPU
		{A1E5B84C-E440-4B98-9ED7-003113B35FCC}.Debug|Any CPU.Build.0 = Debug|Any CPU
		{A1E5B84C-E440-4B98-9ED7-003113B35FCC}.Release|Any CPU.ActiveCfg = Release|Any CPU
		{A1E5B84C-E440-4B98-9ED7-003113B35FCC}.Release|Any CPU.Build.0 = Release|Any CPU
	EndGlobalSection
	GlobalSection(SolutionProperties) = preSolution
		HideSolutionNode = FALSE
	EndGlobalSection
	GlobalSection(NestedProjects) = preSolution
		{A1E5B84C-E440-4B98-9ED7-003113B35FCC} = {18715FBD-FF7B-4502-A35B-82D8E16BB67A}
	EndGlobalSection
	GlobalSection(ExtensibilityGlobals) = postSolution
		SolutionGuid = {67784E2B-A03D-4CF0-81EA-4D8B56A572F3}
	EndGlobalSection
EndGlobal
